<?xml version="1.0" encoding="utf-8"?>
<Project ToolsVersion="4.0" xmlns="http://schemas.microsoft.com/developer/msbuild/2003">
  <ItemGroup>
    <Filter Include="Archivos de origen">
      <UniqueIdentifier>{4FC737F1-C7A5-4376-A066-2A32D752A2FF}</UniqueIdentifier>
      <Extensions>cpp;c;cc;cxx;c++;cppm;ixx;def;odl;idl;hpj;bat;asm;asmx</Extensions>
    </Filter>
    <Filter Include="Archivos de encabezado">
      <UniqueIdentifier>{93995380-89BD-4b04-88EB-625FBE52EBFB}</UniqueIdentifier>
      <Extensions>h;hh;hpp;hxx;h++;hm;inl;inc;ipp;xsd</Extensions>
    </Filter>
    <Filter Include="Archivos de recursos">
      <UniqueIdentifier>{67DA6AB6-F800-4c08-8B7A-83BB121AAD01}</UniqueIdentifier>
      <Extensions>rc;ico;cur;bmp;dlg;rc2;rct;bin;rgs;gif;jpg;jpeg;jpe;resx;tiff;tif;png;wav;mfcribbon-ms</Extensions>
    </Filter>
  </ItemGroup>
  <ItemGroup>
    <ClCompile Include="S8_Interfaz_imgui.cpp">
      <Filter>Archivos de origen</Filter>
    </ClCompile>
    <ClCompile Include="src\Shader.cpp">
      <Filter>Archivos de origen</Filter>
    </ClCompile>
  </ItemGroup>
  <ItemGroup>
    <ClInclude Include="src\Camera.hpp">
      <Filter>Archivos de encabezado</Filter>
    </ClInclude>
    <ClInclude Include="src\Shader.h">
      <Filter>Archivos de encabezado</Filter>
    </ClInclude>
  </ItemGroup>
  <ItemGroup>
    <None Include="res\Shader\fragmentShader.glsl" />
    <None Include="res\Shader\vertexShader.glsl" />
    <None Include="res\Shader\LightCube.frag" />
    <None Include="res\Shader\LightCube.vert" />
  </ItemGroup>
  <ItemGroup>
    <Image Include="res\Texture\awesomeface.png">
      <Filter>Archivos de recursos</Filter>
    </Image>
    <Image Include="res\Texture\container.jpg">
      <Filter>Archivos de recursos</Filter>
    </Image>
    <Image Include="res\Texture\dbz.png">
      <Filter>Archivos de recursos</Filter>
    </Image>
    <Image Include="res\Texture\jupiter.jpg">
      <Filter>Archivos de recursos</Filter>
    </Image>
    <Image Include="res\Texture\marte.jpg">
      <Filter>Archivos de recursos</Filter>
    </Image>
    <Image Include="res\Texture\mercury.jpg">
      <Filter>Archivos de recursos</Filter>
    </Image>
    <Image Include="res\Texture\neptuno.jpg">
      <Filter>Archivos de recursos</Filter>
    </Image>
    <Image Include="res\Texture\pared.jpg">
      <Filter>Archivos de recursos</Filter>
    </Image>
    <Image Include="res\Texture\pluton.jpg">
      <Filter>Archivos de recursos</Filter>
    </Image>
    <Image Include="res\Texture\saturno.jpg">
      <Filter>Archivos de recursos</Filter>
    </Image>
    <Image Include="res\Texture\sun.jpg">
      <Filter>Archivos de recursos</Filter>
    </Image>
    <Image Include="res\Texture\tierra.jpg">
      <Filter>Archivos de recursos</Filter>
    </Image>
    <Image Include="res\Texture\urano.jpg">
      <Filter>Archivos de recursos</Filter>
    </Image>
    <Image Include="res\Texture\venus.jpg">
      <Filter>Archivos de recursos</Filter>
    </Image>
    <Image Include="res\Texture\container2.png">
      <Filter>Archivos de recursos</Filter>
    </Image>
    <Image Include="res\Texture\container2_specular.png">
      <Filter>Archivos de recursos</Filter>
    </Image>
  </ItemGroup>
</Project>